# THIS IS AN AUTOGENERATED FILE. DO NOT EDIT THIS FILE DIRECTLY.
# yarn lockfile v1


"@corex/deepmerge@^2.6.148":
  "integrity" "sha512-6QMz0/2h5C3ua51iAnXMPWFbb1QOU1UvSM4bKBw5mzdT+WtLgjbETBBIQZ+Sh9WvEcGwlAt/DEdRpIC3XlDBMA=="
  "resolved" "https://registry.npmjs.org/@corex/deepmerge/-/deepmerge-2.6.148.tgz"
  "version" "2.6.148"

"@emotion/is-prop-valid@^0.8.2":
  "integrity" "sha512-u5WtneEAr5IDG2Wv65yhunPSMLIpuKsbuOktRojfrEiEvRyC85LgPMZI63cr7NUqT8ZIGdSVg8ZKGxIug4lXcA=="
  "resolved" "https://registry.npmjs.org/@emotion/is-prop-valid/-/is-prop-valid-0.8.8.tgz"
  "version" "0.8.8"
  dependencies:
    "@emotion/memoize" "0.7.4"

"@emotion/memoize@0.7.4":
  "integrity" "sha512-Ja/Vfqe3HpuzRsG1oBtWTHk2PGZ7GR+2Vz5iYGelAw8dx32K0y7PjVuxK6z1nMpZOqAFsRUPCkK1YjJ56qJlgw=="
  "resolved" "https://registry.npmjs.org/@emotion/memoize/-/memoize-0.7.4.tgz"
  "version" "0.7.4"

"@next/env@12.1.7-canary.3":
  "integrity" "sha512-a5OxvakW/0pLgdCqg4HDBvIbrPt/bzw4k0Qf6gp9eSVo8s209/IU33ZAe6obRfSDVsGUcrDpxlHUUCtW6h3qhw=="
  "resolved" "https://registry.npmjs.org/@next/env/-/env-12.1.7-canary.3.tgz"
  "version" "12.1.7-canary.3"

"@next/swc-win32-x64-msvc@12.1.7-canary.3":
  "integrity" "sha512-TPD37yPvp3S5GFqX7tivv83F3VUdoOgaoQ+6FF8djpTcBJSet0iP1DWt1g9bla4J+RkNUFujuf/uIgC+LpQYNw=="
  "resolved" "https://registry.npmjs.org/@next/swc-win32-x64-msvc/-/swc-win32-x64-msvc-12.1.7-canary.3.tgz"
  "version" "12.1.7-canary.3"

"@types/json-schema@^7.0.8":
  "integrity" "sha512-wOuvG1SN4Us4rez+tylwwwCV1psiNVOkJeM3AUWUNWg/jDQY2+HE/444y5gc+jBmRqASOm2Oeh5c1axHobwRKQ=="
  "resolved" "https://registry.npmjs.org/@types/json-schema/-/json-schema-7.0.11.tgz"
  "version" "7.0.11"

"ajv-keywords@^3.5.2":
  "integrity" "sha512-5p6WTN0DdTGVQk6VjcEju19IgaHudalcfabD7yhDGeA6bcQnmL+CpveLJq/3hvfwd1aof6L386Ougkx6RfyMIQ=="
  "resolved" "https://registry.npmjs.org/ajv-keywords/-/ajv-keywords-3.5.2.tgz"
  "version" "3.5.2"

"ajv@^6.12.5", "ajv@^6.9.1":
  "integrity" "sha512-j3fVLgvTo527anyYyJOGTYJbG+vnnQYvE0m5mmkc1TK+nxAppkCLMIL0aZ4dblVCNoGShhm+kzE4ZUykBoMg4g=="
  "resolved" "https://registry.npmjs.org/ajv/-/ajv-6.12.6.tgz"
  "version" "6.12.6"
  dependencies:
    "fast-deep-equal" "^3.1.1"
    "fast-json-stable-stringify" "^2.0.0"
    "json-schema-traverse" "^0.4.1"
    "uri-js" "^4.2.2"

"big.js@^5.2.2":
  "integrity" "sha512-vyL2OymJxmarO8gxMr0mhChsO9QGwhynfuu4+MHTAW6czfq9humCB7rKpUjDd9YUiDPU4mzpyupFSvOClAwbmQ=="
  "resolved" "https://registry.npmjs.org/big.js/-/big.js-5.2.2.tgz"
  "version" "5.2.2"

"caniuse-lite@^1.0.30001332":
  "integrity" "sha512-10T30NYOEQtN6C11YGg411yebhvpnC6Z102+B95eAsN0oB6KUs01ivE8u+G6FMIRtIrVlYXhL+LUwQ3/hXwDWw=="
  "resolved" "https://registry.npmjs.org/caniuse-lite/-/caniuse-lite-1.0.30001332.tgz"
  "version" "1.0.30001332"

"classnames@^2.3.1":
  "integrity" "sha512-OlQdbZ7gLfGarSqxesMesDa5uz7KFbID8Kpq/SxIoNGDqY8lSYs0D+hhtBXhcdB3rcbXArFr7vlHheLk1voeNA=="
  "resolved" "https://registry.npmjs.org/classnames/-/classnames-2.3.1.tgz"
  "version" "2.3.1"

"emojis-list@^3.0.0":
  "integrity" "sha512-/kyM18EfinwXZbno9FyUGeFh87KC8HRQBQGildHZbEuRyWFOmv1U10o9BBp8XVZDVNNuQKyIGIu5ZYAAXJ0V2Q=="
  "resolved" "https://registry.npmjs.org/emojis-list/-/emojis-list-3.0.0.tgz"
  "version" "3.0.0"

"fast-deep-equal@^3.1.1":
  "integrity" "sha512-f3qQ9oQy9j2AhBe/H9VC91wLmKBCCU/gDOnKNAYG5hswO7BLKj09Hc5HYNz9cGI++xlpDCIgDaitVs03ATR84Q=="
  "resolved" "https://registry.npmjs.org/fast-deep-equal/-/fast-deep-equal-3.1.3.tgz"
  "version" "3.1.3"

"fast-json-stable-stringify@^2.0.0":
  "integrity" "sha512-lhd/wF+Lk98HZoTCtlVraHtfh5XYijIjalXck7saUtuanSDyLMxnHhSXEDJqHxD7msR8D0uCmqlkwjCV8xvwHw=="
  "resolved" "https://registry.npmjs.org/fast-json-stable-stringify/-/fast-json-stable-stringify-2.1.0.tgz"
  "version" "2.1.0"

"file-loader@*", "file-loader@^6.2.0":
  "integrity" "sha512-qo3glqyTa61Ytg4u73GultjHGjdRyig3tG6lPtyX/jOEJvHif9uB0/OCI2Kif6ctF3caQTW2G5gym21oAsI4pw=="
  "resolved" "https://registry.npmjs.org/file-loader/-/file-loader-6.2.0.tgz"
  "version" "6.2.0"
  dependencies:
    "loader-utils" "^2.0.0"
    "schema-utils" "^3.0.0"

"framer-motion@^6.3.4":
  "integrity" "sha512-FXHqpY23g0MhznXpAf94SyEmUqfw7KoLaCQqTKrjWZgQzMkjvfOgOVYKUA9Dlmys6XGn0qN+AMzjhFJ1N5bH+A=="
  "resolved" "https://registry.npmjs.org/framer-motion/-/framer-motion-6.3.4.tgz"
  "version" "6.3.4"
  dependencies:
    "framesync" "6.0.1"
    "hey-listen" "^1.0.8"
    "popmotion" "11.0.3"
    "style-value-types" "5.0.0"
    "tslib" "^2.1.0"
  optionalDependencies:
    "@emotion/is-prop-valid" "^0.8.2"

"framesync@6.0.1":
  "integrity" "sha512-fUY88kXvGiIItgNC7wcTOl0SNRCVXMKSWW2Yzfmn7EKNc+MpCzcz9DhdHcdjbrtN3c6R4H5dTY2jiCpPdysEjA=="
  "resolved" "https://registry.npmjs.org/framesync/-/framesync-6.0.1.tgz"
  "version" "6.0.1"
  dependencies:
    "tslib" "^2.1.0"

"hey-listen@^1.0.8":
  "integrity" "sha512-COpmrF2NOg4TBWUJ5UVyaCU2A88wEMkUPK4hNqyCkqHbxT92BbvfjoSozkAIIm6XhicGlJHhFdullInrdhwU8Q=="
  "resolved" "https://registry.npmjs.org/hey-listen/-/hey-listen-1.0.8.tgz"
  "version" "1.0.8"

"js-tokens@^3.0.0 || ^4.0.0":
  "integrity" "sha512-RdJUflcE3cUzKiMqQgsCu06FPu9UdIJO0beYbPhHN4k6apgJtifcoCtT9bcxOpYBtpD2kCM6Sbzg4CausW/PKQ=="
  "resolved" "https://registry.npmjs.org/js-tokens/-/js-tokens-4.0.0.tgz"
  "version" "4.0.0"

"json-schema-traverse@^0.4.1":
  "integrity" "sha512-xbbCH5dCYU5T8LcEhhuh7HJ88HXuW3qsI3Y0zOZFKfZEHcpWiHU/Jxzk629Brsab/mMiHQti9wMP+845RPe3Vg=="
  "resolved" "https://registry.npmjs.org/json-schema-traverse/-/json-schema-traverse-0.4.1.tgz"
  "version" "0.4.1"

"json5@^2.1.2":
  "integrity" "sha512-1hqLFMSrGHRHxav9q9gNjJ5EXznIxGVO09xQRrwplcS8qs28pZ8s8hupZAmqDwZUmVZ2Qb2jnyPOWcDH8m8dlA=="
  "resolved" "https://registry.npmjs.org/json5/-/json5-2.2.1.tgz"
  "version" "2.2.1"

"loader-utils@^2.0.0":
  "integrity" "sha512-TM57VeHptv569d/GKh6TAYdzKblwDNiumOdkFnejjD0XwTH87K90w3O7AiJRqdQoXygvi1VQTJTLGhJl7WqA7A=="
  "resolved" "https://registry.npmjs.org/loader-utils/-/loader-utils-2.0.2.tgz"
  "version" "2.0.2"
  dependencies:
    "big.js" "^5.2.2"
    "emojis-list" "^3.0.0"
    "json5" "^2.1.2"

"loose-envify@^1.1.0":
  "integrity" "sha512-lyuxPGr/Wfhrlem2CL/UcnUc1zcqKAImBDzukY7Y5F/yQiNdko6+fRLevlw1HgMySw7f611UIY408EtxRSoK3Q=="
  "resolved" "https://registry.npmjs.org/loose-envify/-/loose-envify-1.4.0.tgz"
  "version" "1.4.0"
  dependencies:
    "js-tokens" "^3.0.0 || ^4.0.0"

"mime-db@1.52.0":
  "integrity" "sha512-sPU4uV7dYlvtWJxwwxHD0PuihVNiE7TyAbQ5SWxDCB9mUYvOgroQOwYQQOKPJ8CIbE+1ETVlOoK1UC2nU3gYvg=="
  "resolved" "https://registry.npmjs.org/mime-db/-/mime-db-1.52.0.tgz"
  "version" "1.52.0"

"mime-types@^2.1.27":
  "integrity" "sha512-ZDY+bPm5zTTF+YpCrAU9nK0UgICYPT0QtT1NZWFv4s++TNkcgVaT0g6+4R2uI4MjQjzysHB1zxuWL50hzaeXiw=="
  "resolved" "https://registry.npmjs.org/mime-types/-/mime-types-2.1.35.tgz"
  "version" "2.1.35"
  dependencies:
    "mime-db" "1.52.0"

"minimist@^1.2.6":
  "integrity" "sha512-Jsjnk4bw3YJqYzbdyBiNsPWHPfO++UGG749Cxs6peCu5Xg4nrena6OVxOYxrQTqww0Jmwt+Ref8rggumkTLz9Q=="
  "resolved" "https://registry.npmjs.org/minimist/-/minimist-1.2.6.tgz"
  "version" "1.2.6"

"nanoid@^3.1.30":
  "integrity" "sha512-CuHBogktKwpm5g2sRgv83jEy2ijFzBwMoYA60orPDR7ynsLijJDqgsi4RDGj3OJpy3Ieb+LYwiRmIOGyytgITA=="
  "resolved" "https://registry.npmjs.org/nanoid/-/nanoid-3.3.2.tgz"
  "version" "3.3.2"

"next-images@^1.8.4":
  "integrity" "sha512-E6JV+aMxeUCh8A+cwn1xgmlh/zINSW4JC/XLNbM+PWQd5LBdfB+m1IDCAfNnGOKMo96kzw+4LsKxnX/Kldw78Q=="
  "resolved" "https://registry.npmjs.org/next-images/-/next-images-1.8.4.tgz"
  "version" "1.8.4"
  dependencies:
    "file-loader" "^6.2.0"
    "url-loader" "^4.1.0"

"next-sitemap@^2.5.28":
  "integrity" "sha512-rDMTa7nLE0ikYnu8JDCrwQufIRm4b4Sg8BK11DGdDAmYpXmcmw4Qvm+oVBR8gUL97E6i2ihTM+cRx8mgENDACA=="
  "resolved" "https://registry.npmjs.org/next-sitemap/-/next-sitemap-2.5.28.tgz"
  "version" "2.5.28"
  dependencies:
    "@corex/deepmerge" "^2.6.148"
    "minimist" "^1.2.6"

"next@*", "next@^12.1.7-canary.3":
  "integrity" "sha512-o0H50Imvg53Fpn/1NGuS2zY+yvcUaygAhV7B7H9teAt0in1VNNwJnOsG5tv/SJUWrsgt7oFgyExadgC0S+pJDQ=="
  "resolved" "https://registry.npmjs.org/next/-/next-12.1.7-canary.3.tgz"
  "version" "12.1.7-canary.3"
  dependencies:
    "@next/env" "12.1.7-canary.3"
    "caniuse-lite" "^1.0.30001332"
    "postcss" "8.4.5"
    "styled-jsx" "5.0.2"
  optionalDependencies:
    "@next/swc-android-arm-eabi" "12.1.7-canary.3"
    "@next/swc-android-arm64" "12.1.7-canary.3"
    "@next/swc-darwin-arm64" "12.1.7-canary.3"
    "@next/swc-darwin-x64" "12.1.7-canary.3"
    "@next/swc-linux-arm-gnueabihf" "12.1.7-canary.3"
    "@next/swc-linux-arm64-gnu" "12.1.7-canary.3"
    "@next/swc-linux-arm64-musl" "12.1.7-canary.3"
    "@next/swc-linux-x64-gnu" "12.1.7-canary.3"
    "@next/swc-linux-x64-musl" "12.1.7-canary.3"
    "@next/swc-win32-arm64-msvc" "12.1.7-canary.3"
    "@next/swc-win32-ia32-msvc" "12.1.7-canary.3"
    "@next/swc-win32-x64-msvc" "12.1.7-canary.3"

"picocolors@^1.0.0":
  "integrity" "sha512-1fygroTLlHu66zi26VoTDv8yRgm0Fccecssto+MhsZ0D/DGW2sm8E8AjW7NU5VVTRt5GxbeZ5qBuJr+HyLYkjQ=="
  "resolved" "https://registry.npmjs.org/picocolors/-/picocolors-1.0.0.tgz"
  "version" "1.0.0"

"popmotion@11.0.3":
  "integrity" "sha512-Y55FLdj3UxkR7Vl3s7Qr4e9m0onSnP8W7d/xQLsoJM40vs6UKHFdygs6SWryasTZYqugMjm3BepCF4CWXDiHgA=="
  "resolved" "https://registry.npmjs.org/popmotion/-/popmotion-11.0.3.tgz"
  "version" "11.0.3"
  dependencies:
    "framesync" "6.0.1"
    "hey-listen" "^1.0.8"
    "style-value-types" "5.0.0"
    "tslib" "^2.1.0"

"postcss@8.4.5":
  "integrity" "sha512-jBDboWM8qpaqwkMwItqTQTiFikhs/67OYVvblFFTM7MrZjt6yMKd6r2kgXizEbTTljacm4NldIlZnhbjr84QYg=="
  "resolved" "https://registry.npmjs.org/postcss/-/postcss-8.4.5.tgz"
  "version" "8.4.5"
  dependencies:
    "nanoid" "^3.1.30"
    "picocolors" "^1.0.0"
    "source-map-js" "^1.0.1"

"punycode@^2.1.0":
  "integrity" "sha512-XRsRjdf+j5ml+y/6GKHPZbrF/8p2Yga0JPtdqTIY2Xe5ohJPD9saDJJLPvp9+NSBprVvevdXZybnj2cv8OEd0A=="
  "resolved" "https://registry.npmjs.org/punycode/-/punycode-2.1.1.tgz"
  "version" "2.1.1"

"react-dom@^17.0.2 || ^18.0.0-0", "react-dom@>=16.8 || ^17.0.0 || ^18.0.0", "react-dom@18.0.0":
  "integrity" "sha512-XqX7uzmFo0pUceWFCt7Gff6IyIMzFUn7QMZrbrQfGxtaxXZIcGQzoNpRLE3fQLnS4XzLLPMZX2T9TRcSrasicw=="
  "resolved" "https://registry.npmjs.org/react-dom/-/react-dom-18.0.0.tgz"
  "version" "18.0.0"
  dependencies:
    "loose-envify" "^1.1.0"
    "scheduler" "^0.21.0"

"react@^17.0.2 || ^18.0.0-0", "react@^18.0.0", "react@>= 16.8.0 || 17.x.x || ^18.0.0-0", "react@>=16.8 || ^17.0.0 || ^18.0.0", "react@18.0.0":
  "integrity" "sha512-x+VL6wbT4JRVPm7EGxXhZ8w8LTROaxPXOqhlGyVSrv0sB1jkyFGgXxJ8LVoPRLvPR6/CIZGFmfzqUa2NYeMr2A=="
  "resolved" "https://registry.npmjs.org/react/-/react-18.0.0.tgz"
  "version" "18.0.0"
  dependencies:
    "loose-envify" "^1.1.0"

"scheduler@^0.21.0":
  "integrity" "sha512-1r87x5fz9MXqswA2ERLo0EbOAU74DpIUO090gIasYTqlVoJeMcl+Z1Rg7WHz+qtPujhS/hGIt9kxZOYBV3faRQ=="
  "resolved" "https://registry.npmjs.org/scheduler/-/scheduler-0.21.0.tgz"
  "version" "0.21.0"
  dependencies:
    "loose-envify" "^1.1.0"

"schema-utils@^3.0.0":
  "integrity" "sha512-Y5PQxS4ITlC+EahLuXaY86TXfR7Dc5lw294alXOq86JAHCihAIZfqv8nNCWvaEJvaC51uN9hbLGeV0cFBdH+Fw=="
  "resolved" "https://registry.npmjs.org/schema-utils/-/schema-utils-3.1.1.tgz"
  "version" "3.1.1"
  dependencies:
    "@types/json-schema" "^7.0.8"
    "ajv" "^6.12.5"
    "ajv-keywords" "^3.5.2"

"source-map-js@^1.0.1":
  "integrity" "sha512-R0XvVJ9WusLiqTCEiGCmICCMplcCkIwwR11mOSD9CR5u+IXYdiseeEuXCVAjS54zqwkLcPNnmU4OeJ6tUrWhDw=="
  "resolved" "https://registry.npmjs.org/source-map-js/-/source-map-js-1.0.2.tgz"
  "version" "1.0.2"

"style-value-types@5.0.0":
  "integrity" "sha512-08yq36Ikn4kx4YU6RD7jWEv27v4V+PUsOGa4n/as8Et3CuODMJQ00ENeAVXAeydX4Z2j1XHZF1K2sX4mGl18fA=="
  "resolved" "https://registry.npmjs.org/style-value-types/-/style-value-types-5.0.0.tgz"
  "version" "5.0.0"
  dependencies:
    "hey-listen" "^1.0.8"
    "tslib" "^2.1.0"

"styled-jsx@5.0.2":
  "integrity" "sha512-LqPQrbBh3egD57NBcHET4qcgshPks+yblyhPlH2GY8oaDgKs8SK4C3dBh3oSJjgzJ3G5t1SYEZGHkP+QEpX9EQ=="
  "resolved" "https://registry.npmjs.org/styled-jsx/-/styled-jsx-5.0.2.tgz"
  "version" "5.0.2"

"tslib@^2.1.0":
  "integrity" "sha512-d6xOpEDfsi2CZVlPQzGeux8XMwLT9hssAsaPYExaQMuYskwb+x1x7J371tWlbBdWHroy99KnVB6qIkUbs5X3UQ=="
  "resolved" "https://registry.npmjs.org/tslib/-/tslib-2.4.0.tgz"
  "version" "2.4.0"

"uri-js@^4.2.2":
  "integrity" "sha512-7rKUyy33Q1yc98pQ1DAmLtwX109F7TIfWlW1Ydo8Wl1ii1SeHieeh0HHfPeL2fMXK6z0s8ecKs9frCuLJvndBg=="
  "resolved" "https://registry.npmjs.org/uri-js/-/uri-js-4.4.1.tgz"
  "version" "4.4.1"
  dependencies:
    "punycode" "^2.1.0"

"url-loader@^4.1.0":
  "integrity" "sha512-3BTV812+AVHHOJQO8O5MkWgZ5aosP7GnROJwvzLS9hWDj00lZ6Z0wNak423Lp9PBZN05N+Jk/N5Si8jRAlGyWA=="
  "resolved" "https://registry.npmjs.org/url-loader/-/url-loader-4.1.1.tgz"
  "version" "4.1.1"
  dependencies:
    "loader-utils" "^2.0.0"
    "mime-types" "^2.1.27"
    "schema-utils" "^3.0.0"
